<?xml version="1.0" encoding="utf-8"?>
<Project ToolsVersion="16.0" xmlns="http://schemas.microsoft.com/developer/msbuild/2003">
  <ItemGroup>
    <ClCompile Include="C:\Users\Rolando\Desktop\WaterSurface-master\src\main.cpp">
      <Filter>Source Files</Filter>
    </ClCompile>
    <ClCompile Include="C:\Users\Rolando\Desktop\WaterSurface-master\src\CallBacks.cpp">
      <Filter>Source Files</Filter>
    </ClCompile>
    <ClCompile Include="C:\Users\Rolando\Desktop\WaterSurface-master\src\ControlPoint.cpp">
      <Filter>Source Files</Filter>
    </ClCompile>
    <ClCompile Include="C:\Users\Rolando\Desktop\WaterSurface-master\src\Track.cpp">
      <Filter>Source Files</Filter>
    </ClCompile>
    <ClCompile Include="C:\Users\Rolando\Desktop\WaterSurface-master\src\TrainView.cpp">
      <Filter>Source Files</Filter>
    </ClCompile>
    <ClCompile Include="C:\Users\Rolando\Desktop\WaterSurface-master\src\TrainWindow.cpp">
      <Filter>Source Files</Filter>
    </ClCompile>
    <ClCompile Include="C:\Users\Rolando\Desktop\WaterSurface-master\include\glad4.6\src\glad.c">
      <Filter>Source Files</Filter>
    </ClCompile>
    <ClCompile Include="..\src\HelperFunctions.cpp">
      <Filter>Source Files</Filter>
    </ClCompile>
    <ClCompile Include="..\src\TrainWagon.cpp">
      <Filter>Source Files</Filter>
    </ClCompile>
  </ItemGroup>
  <ItemGroup>
    <ClInclude Include="C:\Users\Rolando\Desktop\WaterSurface-master\src\RenderUtilities\BufferObject.h">
      <Filter>RenderUtilities</Filter>
    </ClInclude>
    <ClInclude Include="C:\Users\Rolando\Desktop\WaterSurface-master\src\RenderUtilities\Shader.h">
      <Filter>RenderUtilities</Filter>
    </ClInclude>
    <ClInclude Include="C:\Users\Rolando\Desktop\WaterSurface-master\src\RenderUtilities\Texture.h">
      <Filter>RenderUtilities</Filter>
    </ClInclude>
    <ClInclude Include="..\src\CubemapTexture.h" />
    <ClInclude Include="..\src\HelperFunctions.h" />
    <ClInclude Include="..\src\ParticleSystemManager.h" />
    <ClInclude Include="..\src\TrainWagon.h" />
    <ClInclude Include="..\src\Person.H" />
  </ItemGroup>
  <ItemGroup>
    <CustomBuild Include="C:\Users\Rolando\Desktop\WaterSurface-master\CMakeLists.txt" />
  </ItemGroup>
  <ItemGroup>
    <None Include="C:\Users\Rolando\Desktop\WaterSurface-master\src\CallBacks.H" />
    <None Include="C:\Users\Rolando\Desktop\WaterSurface-master\src\ControlPoint.H" />
    <None Include="C:\Users\Rolando\Desktop\WaterSurface-master\src\Object.H" />
    <None Include="C:\Users\Rolando\Desktop\WaterSurface-master\src\Track.H" />
    <None Include="C:\Users\Rolando\Desktop\WaterSurface-master\src\TrainView.H" />
    <None Include="C:\Users\Rolando\Desktop\WaterSurface-master\src\TrainWindow.H" />
    <None Include="..\src\shaders\cubemap.frag">
      <Filter>shaders</Filter>
    </None>
    <None Include="..\src\shaders\cubemap.vert">
      <Filter>shaders</Filter>
    </None>
    <None Include="..\src\shaders\heightmap.frag">
      <Filter>shaders</Filter>
    </None>
    <None Include="..\src\shaders\heightmap.vert">
      <Filter>shaders</Filter>
    </None>
    <None Include="..\src\shaders\ref.frag">
      <Filter>shaders</Filter>
    </None>
    <None Include="..\src\shaders\ref.vert">
      <Filter>shaders</Filter>
    </None>
    <None Include="..\src\shaders\wave.frag">
      <Filter>shaders</Filter>
    </None>
    <None Include="..\src\shaders\wave.vert">
      <Filter>shaders</Filter>
    </None>
  </ItemGroup>
  <ItemGroup>
    <Filter Include="RenderUtilities">
      <UniqueIdentifier>{65CB240F-7935-361D-B64D-3D01D7B05046}</UniqueIdentifier>
    </Filter>
    <Filter Include="Source Files">
      <UniqueIdentifier>{F961BDA0-3DAF-31A4-9E1E-72A6AA4E4FFC}</UniqueIdentifier>
    </Filter>
    <Filter Include="shaders">
      <UniqueIdentifier>{418892DA-F3E1-3B55-B6B2-DD949BA62E7C}</UniqueIdentifier>
    </Filter>
  </ItemGroup>
</Project>